
Microsoft Visual Studio Solution File, Format Version 12.00
# Visual Studio Version 17
VisualStudioVersion = 17.10.35027.167
MinimumVisualStudioVersion = 10.0.40219.1
Project("{FAE04EC0-301F-11D3-BF4B-00C04F79EFBC}") = "ClientApp", "ClientApp\ClientApp.csproj", "{1A624AF5-057B-41C2-B727-3C5DD2847135}"
EndProject
Global
	GlobalSection(SolutionConfigurationPlatforms) = preSolution
		Debug|Any CPU = Debug|Any CPU
		Release|Any CPU = Release|Any CPU
	EndGlobalSection
	GlobalSection(ProjectConfigurationPlatforms) = postSolution
		{1A624AF5-057B-41C2-B727-3C5DD2847135}.Debug|Any CPU.ActiveCfg = Debug|Any CPU
		{1A624AF5-057B-41C2-B727-3C5DD2847135}.Debug|Any CPU.Build.0 = Debug|Any CPU
		{1A624AF5-057B-41C2-B727-3C5DD2847135}.Release|Any CPU.ActiveCfg = Release|Any CPU
		{1A624AF5-057B-41C2-B727-3C5DD2847135}.Release|Any CPU.Build.0 = Release|Any CPU
	EndGlobalSection
	GlobalSection(SolutionProperties) = preSolution
		HideSolutionNode = FALSE
	EndGlobalSection
	GlobalSection(ExtensibilityGlobals) = postSolution
		SolutionGuid = {851F2057-049D-4BAA-A5BD-250156CEB729}
	EndGlobalSection
EndGlobal
